
Microsoft Visual Studio Solution File, Format Version 12.00
# Visual Studio Version 17
VisualStudioVersion = 17.9.34728.123
MinimumVisualStudioVersion = 10.0.40219.1
Project("{FAE04EC0-301F-11D3-BF4B-00C04F79EFBC}") = "Authentication-Authorization-AddApiEndpoints", "Authentication-Authorization-AddApiEndpoints.csproj", "{16760768-A674-4D7D-911D-82145F3686F1}"
EndProject
Global
	GlobalSection(SolutionConfigurationPlatforms) = preSolution
		Debug|Any CPU = Debug|Any CPU
		Release|Any CPU = Release|Any CPU
	EndGlobalSection
	GlobalSection(ProjectConfigurationPlatforms) = postSolution
		{16760768-A674-4D7D-911D-82145F3686F1}.Debug|Any CPU.ActiveCfg = Debug|Any CPU
		{16760768-A674-4D7D-911D-82145F3686F1}.Debug|Any CPU.Build.0 = Debug|Any CPU
		{16760768-A674-4D7D-911D-82145F3686F1}.Release|Any CPU.ActiveCfg = Release|Any CPU
		{16760768-A674-4D7D-911D-82145F3686F1}.Release|Any CPU.Build.0 = Release|Any CPU
	EndGlobalSection
	GlobalSection(SolutionProperties) = preSolution
		HideSolutionNode = FALSE
	EndGlobalSection
	GlobalSection(ExtensibilityGlobals) = postSolution
		SolutionGuid = {7E6FE8DF-4D41-46B9-8108-1844F6DDF900}
	EndGlobalSection
EndGlobal
